// !$*UTF8*$!
{
	archiveVersion = 1;
	classes = {
	};
	objectVersion = 55;
	objects = {

/* Begin PBXBuildFile section */
		5DB10F8F4AD7AAE348F56B14 /* Pods_Spaceopedia.framework in Frameworks */ = {isa = PBXBuildFile; fileRef = EB10CFF81166B7DB13673373 /* Pods_Spaceopedia.framework */; };
		C719CE3429F15C7600BF7363 /* LikedApodModel.swift in Sources */ = {isa = PBXBuildFile; fileRef = C719CE3329F15C7600BF7363 /* LikedApodModel.swift */; };
		C71B9E8329DEC07800B4F2AE /* ApodModel.swift in Sources */ = {isa = PBXBuildFile; fileRef = C71B9E8229DEC07800B4F2AE /* ApodModel.swift */; };
		C71B9E8529DEC29F00B4F2AE /* ApodController.swift in Sources */ = {isa = PBXBuildFile; fileRef = C71B9E8429DEC29F00B4F2AE /* ApodController.swift */; };
		C71B9E8729DECB6900B4F2AE /* ApodTableViewController.swift in Sources */ = {isa = PBXBuildFile; fileRef = C71B9E8629DECB6900B4F2AE /* ApodTableViewController.swift */; };
		C72AFE6F29E9CDC70041A379 /* LikedApodTableViewController.swift in Sources */ = {isa = PBXBuildFile; fileRef = C72AFE6E29E9CDC70041A379 /* LikedApodTableViewController.swift */; };
		C738F0D92A29167D00D75A13 /* SpacePicTextFieldTableViewCell.swift in Sources */ = {isa = PBXBuildFile; fileRef = C738F0D82A29167D00D75A13 /* SpacePicTextFieldTableViewCell.swift */; };
		C738F0DB2A29176E00D75A13 /* SpacePicLookUpTableViewCell.swift in Sources */ = {isa = PBXBuildFile; fileRef = C738F0DA2A29176E00D75A13 /* SpacePicLookUpTableViewCell.swift */; };
		C73C31172A0BFFA100CD9CA1 /* Definition.swift in Sources */ = {isa = PBXBuildFile; fileRef = C73C31162A0BFFA100CD9CA1 /* Definition.swift */; };
		C73C31192A0C006500CD9CA1 /* DefinitionController.swift in Sources */ = {isa = PBXBuildFile; fileRef = C73C31182A0C006500CD9CA1 /* DefinitionController.swift */; };
		C73C311B2A0C0A9F00CD9CA1 /* DiscloseButton.swift in Sources */ = {isa = PBXBuildFile; fileRef = C73C311A2A0C0A9F00CD9CA1 /* DiscloseButton.swift */; };
		C7690C8F29E16D83009B50EC /* LikeButton.swift in Sources */ = {isa = PBXBuildFile; fileRef = C7690C8E29E16D83009B50EC /* LikeButton.swift */; };
		C7690C9329E173B1009B50EC /* LikedTableViewCell.swift in Sources */ = {isa = PBXBuildFile; fileRef = C7690C9229E173B1009B50EC /* LikedTableViewCell.swift */; };
		C7690C9529E173D4009B50EC /* LikedTableViewController.swift in Sources */ = {isa = PBXBuildFile; fileRef = C7690C9429E173D4009B50EC /* LikedTableViewController.swift */; };
		C791B53A2A14BBF200A5A1E6 /* PlanetMoon.swift in Sources */ = {isa = PBXBuildFile; fileRef = C791B5392A14BBF200A5A1E6 /* PlanetMoon.swift */; };
		C791B53E2A15519A00A5A1E6 /* PlanetMoonController.swift in Sources */ = {isa = PBXBuildFile; fileRef = C791B53D2A15519A00A5A1E6 /* PlanetMoonController.swift */; };
		C791B5402A15530E00A5A1E6 /* PlanetsAndMoonsTableViewController.swift in Sources */ = {isa = PBXBuildFile; fileRef = C791B53F2A15530E00A5A1E6 /* PlanetsAndMoonsTableViewController.swift */; };
		C791B5432A1742C000A5A1E6 /* MoonsTableViewController.swift in Sources */ = {isa = PBXBuildFile; fileRef = C791B5422A1742C000A5A1E6 /* MoonsTableViewController.swift */; };
		C793A4CA29D54C500071B566 /* Modules.swift in Sources */ = {isa = PBXBuildFile; fileRef = C793A4C929D54C500071B566 /* Modules.swift */; };
		C793A4CC29D551D40071B566 /* ModulesTableViewController.swift in Sources */ = {isa = PBXBuildFile; fileRef = C793A4CB29D551D40071B566 /* ModulesTableViewController.swift */; };
		C7A0843C29D4BC01002DB362 /* AppDelegate.swift in Sources */ = {isa = PBXBuildFile; fileRef = C7A0843B29D4BC01002DB362 /* AppDelegate.swift */; };
		C7A0843E29D4BC01002DB362 /* SceneDelegate.swift in Sources */ = {isa = PBXBuildFile; fileRef = C7A0843D29D4BC01002DB362 /* SceneDelegate.swift */; };
		C7A0844329D4BC01002DB362 /* Main.storyboard in Resources */ = {isa = PBXBuildFile; fileRef = C7A0844129D4BC01002DB362 /* Main.storyboard */; };
		C7A0844529D4BC02002DB362 /* Assets.xcassets in Resources */ = {isa = PBXBuildFile; fileRef = C7A0844429D4BC02002DB362 /* Assets.xcassets */; };
		C7A0844829D4BC02002DB362 /* LaunchScreen.storyboard in Resources */ = {isa = PBXBuildFile; fileRef = C7A0844629D4BC02002DB362 /* LaunchScreen.storyboard */; };
		C7AAC6BC2A288ADB00FB00B6 /* Pics.swift in Sources */ = {isa = PBXBuildFile; fileRef = C7AAC6BB2A288ADB00FB00B6 /* Pics.swift */; };
		C7AAC6BE2A2891CD00FB00B6 /* PicsController.swift in Sources */ = {isa = PBXBuildFile; fileRef = C7AAC6BD2A2891CD00FB00B6 /* PicsController.swift */; };
		C7AAC6C02A2892BE00FB00B6 /* SpacePicAPI.swift in Sources */ = {isa = PBXBuildFile; fileRef = C7AAC6BF2A2892BE00FB00B6 /* SpacePicAPI.swift */; };
		C7AAC6C22A28FF6C00FB00B6 /* SpacePicTableViewController.swift in Sources */ = {isa = PBXBuildFile; fileRef = C7AAC6C12A28FF6C00FB00B6 /* SpacePicTableViewController.swift */; };
		C7AAC6C62A29019600FB00B6 /* SpacePicTableViewCell.swift in Sources */ = {isa = PBXBuildFile; fileRef = C7AAC6C52A29019600FB00B6 /* SpacePicTableViewCell.swift */; };
		C7C8783829D58B22009495F5 /* ModuleTableViewCell.swift in Sources */ = {isa = PBXBuildFile; fileRef = C7C8783729D58B22009495F5 /* ModuleTableViewCell.swift */; };
		C7CB22C42A095E0100E5B046 /* SpaceDefTableViewController.swift in Sources */ = {isa = PBXBuildFile; fileRef = C7CB22C32A095E0100E5B046 /* SpaceDefTableViewController.swift */; };
		C7CB22E62A0A962500E5B046 /* SourceToImageView.swift in Sources */ = {isa = PBXBuildFile; fileRef = C7CB22E52A0A962500E5B046 /* SourceToImageView.swift */; };
		C7D3BCF22A18AA340031AC87 /* PlanetMoonAPI.swift in Sources */ = {isa = PBXBuildFile; fileRef = C7D3BCF12A18AA340031AC87 /* PlanetMoonAPI.swift */; };
		C7EE846F2A0805D6005E2818 /* ImageViewController.swift in Sources */ = {isa = PBXBuildFile; fileRef = C7EE846E2A0805D6005E2818 /* ImageViewController.swift */; };
/* End PBXBuildFile section */

/* Begin PBXFileReference section */
		16879BD2A17F629AB7A22D23 /* Pods-Spaceopedia.release.xcconfig */ = {isa = PBXFileReference; includeInIndex = 1; lastKnownFileType = text.xcconfig; name = "Pods-Spaceopedia.release.xcconfig"; path = "Target Support Files/Pods-Spaceopedia/Pods-Spaceopedia.release.xcconfig"; sourceTree = "<group>"; };
		C719CE3329F15C7600BF7363 /* LikedApodModel.swift */ = {isa = PBXFileReference; lastKnownFileType = sourcecode.swift; path = LikedApodModel.swift; sourceTree = "<group>"; };
		C71B9E8229DEC07800B4F2AE /* ApodModel.swift */ = {isa = PBXFileReference; lastKnownFileType = sourcecode.swift; path = ApodModel.swift; sourceTree = "<group>"; };
		C71B9E8429DEC29F00B4F2AE /* ApodController.swift */ = {isa = PBXFileReference; lastKnownFileType = sourcecode.swift; path = ApodController.swift; sourceTree = "<group>"; };
		C71B9E8629DECB6900B4F2AE /* ApodTableViewController.swift */ = {isa = PBXFileReference; lastKnownFileType = sourcecode.swift; path = ApodTableViewController.swift; sourceTree = "<group>"; };
		C72AFE6E29E9CDC70041A379 /* LikedApodTableViewController.swift */ = {isa = PBXFileReference; lastKnownFileType = sourcecode.swift; path = LikedApodTableViewController.swift; sourceTree = "<group>"; };
		C738F0D82A29167D00D75A13 /* SpacePicTextFieldTableViewCell.swift */ = {isa = PBXFileReference; lastKnownFileType = sourcecode.swift; path = SpacePicTextFieldTableViewCell.swift; sourceTree = "<group>"; };
		C738F0DA2A29176E00D75A13 /* SpacePicLookUpTableViewCell.swift */ = {isa = PBXFileReference; lastKnownFileType = sourcecode.swift; path = SpacePicLookUpTableViewCell.swift; sourceTree = "<group>"; };
		C73C31162A0BFFA100CD9CA1 /* Definition.swift */ = {isa = PBXFileReference; lastKnownFileType = sourcecode.swift; path = Definition.swift; sourceTree = "<group>"; };
		C73C31182A0C006500CD9CA1 /* DefinitionController.swift */ = {isa = PBXFileReference; lastKnownFileType = sourcecode.swift; path = DefinitionController.swift; sourceTree = "<group>"; };
		C73C311A2A0C0A9F00CD9CA1 /* DiscloseButton.swift */ = {isa = PBXFileReference; lastKnownFileType = sourcecode.swift; path = DiscloseButton.swift; sourceTree = "<group>"; };
		C7690C8E29E16D83009B50EC /* LikeButton.swift */ = {isa = PBXFileReference; lastKnownFileType = sourcecode.swift; path = LikeButton.swift; sourceTree = "<group>"; };
		C7690C9229E173B1009B50EC /* LikedTableViewCell.swift */ = {isa = PBXFileReference; lastKnownFileType = sourcecode.swift; path = LikedTableViewCell.swift; sourceTree = "<group>"; };
		C7690C9429E173D4009B50EC /* LikedTableViewController.swift */ = {isa = PBXFileReference; lastKnownFileType = sourcecode.swift; path = LikedTableViewController.swift; sourceTree = "<group>"; };
		C791B5392A14BBF200A5A1E6 /* PlanetMoon.swift */ = {isa = PBXFileReference; lastKnownFileType = sourcecode.swift; path = PlanetMoon.swift; sourceTree = "<group>"; };
		C791B53D2A15519A00A5A1E6 /* PlanetMoonController.swift */ = {isa = PBXFileReference; lastKnownFileType = sourcecode.swift; path = PlanetMoonController.swift; sourceTree = "<group>"; };
		C791B53F2A15530E00A5A1E6 /* PlanetsAndMoonsTableViewController.swift */ = {isa = PBXFileReference; lastKnownFileType = sourcecode.swift; path = PlanetsAndMoonsTableViewController.swift; sourceTree = "<group>"; };
		C791B5422A1742C000A5A1E6 /* MoonsTableViewController.swift */ = {isa = PBXFileReference; lastKnownFileType = sourcecode.swift; path = MoonsTableViewController.swift; sourceTree = "<group>"; };
		C793A4C929D54C500071B566 /* Modules.swift */ = {isa = PBXFileReference; lastKnownFileType = sourcecode.swift; path = Modules.swift; sourceTree = "<group>"; };
		C793A4CB29D551D40071B566 /* ModulesTableViewController.swift */ = {isa = PBXFileReference; lastKnownFileType = sourcecode.swift; path = ModulesTableViewController.swift; sourceTree = "<group>"; };
		C7A0843829D4BC01002DB362 /* Spaceopedia.app */ = {isa = PBXFileReference; explicitFileType = wrapper.application; includeInIndex = 0; path = Spaceopedia.app; sourceTree = BUILT_PRODUCTS_DIR; };
		C7A0843B29D4BC01002DB362 /* AppDelegate.swift */ = {isa = PBXFileReference; lastKnownFileType = sourcecode.swift; path = AppDelegate.swift; sourceTree = "<group>"; };
		C7A0843D29D4BC01002DB362 /* SceneDelegate.swift */ = {isa = PBXFileReference; lastKnownFileType = sourcecode.swift; path = SceneDelegate.swift; sourceTree = "<group>"; };
		C7A0844229D4BC01002DB362 /* Base */ = {isa = PBXFileReference; lastKnownFileType = file.storyboard; name = Base; path = Base.lproj/Main.storyboard; sourceTree = "<group>"; };
		C7A0844429D4BC02002DB362 /* Assets.xcassets */ = {isa = PBXFileReference; lastKnownFileType = folder.assetcatalog; path = Assets.xcassets; sourceTree = "<group>"; };
		C7A0844729D4BC02002DB362 /* Base */ = {isa = PBXFileReference; lastKnownFileType = file.storyboard; name = Base; path = Base.lproj/LaunchScreen.storyboard; sourceTree = "<group>"; };
		C7A0844929D4BC02002DB362 /* Info.plist */ = {isa = PBXFileReference; lastKnownFileType = text.plist.xml; path = Info.plist; sourceTree = "<group>"; };
		C7AAC6BB2A288ADB00FB00B6 /* Pics.swift */ = {isa = PBXFileReference; lastKnownFileType = sourcecode.swift; path = Pics.swift; sourceTree = "<group>"; };
		C7AAC6BD2A2891CD00FB00B6 /* PicsController.swift */ = {isa = PBXFileReference; lastKnownFileType = sourcecode.swift; path = PicsController.swift; sourceTree = "<group>"; };
		C7AAC6BF2A2892BE00FB00B6 /* SpacePicAPI.swift */ = {isa = PBXFileReference; lastKnownFileType = sourcecode.swift; path = SpacePicAPI.swift; sourceTree = "<group>"; };
		C7AAC6C12A28FF6C00FB00B6 /* SpacePicTableViewController.swift */ = {isa = PBXFileReference; lastKnownFileType = sourcecode.swift; path = SpacePicTableViewController.swift; sourceTree = "<group>"; };
		C7AAC6C52A29019600FB00B6 /* SpacePicTableViewCell.swift */ = {isa = PBXFileReference; lastKnownFileType = sourcecode.swift; path = SpacePicTableViewCell.swift; sourceTree = "<group>"; };
		C7C8783729D58B22009495F5 /* ModuleTableViewCell.swift */ = {isa = PBXFileReference; lastKnownFileType = sourcecode.swift; path = ModuleTableViewCell.swift; sourceTree = "<group>"; };
		C7CB22C32A095E0100E5B046 /* SpaceDefTableViewController.swift */ = {isa = PBXFileReference; lastKnownFileType = sourcecode.swift; path = SpaceDefTableViewController.swift; sourceTree = "<group>"; };
		C7CB22E52A0A962500E5B046 /* SourceToImageView.swift */ = {isa = PBXFileReference; lastKnownFileType = sourcecode.swift; path = SourceToImageView.swift; sourceTree = "<group>"; };
		C7D3BCF12A18AA340031AC87 /* PlanetMoonAPI.swift */ = {isa = PBXFileReference; lastKnownFileType = sourcecode.swift; path = PlanetMoonAPI.swift; sourceTree = "<group>"; };
		C7EE846E2A0805D6005E2818 /* ImageViewController.swift */ = {isa = PBXFileReference; lastKnownFileType = sourcecode.swift; path = ImageViewController.swift; sourceTree = "<group>"; };
		EB10CFF81166B7DB13673373 /* Pods_Spaceopedia.framework */ = {isa = PBXFileReference; explicitFileType = wrapper.framework; includeInIndex = 0; path = Pods_Spaceopedia.framework; sourceTree = BUILT_PRODUCTS_DIR; };
		F32917BD7B4BCD8FC8E07576 /* Pods-Spaceopedia.debug.xcconfig */ = {isa = PBXFileReference; includeInIndex = 1; lastKnownFileType = text.xcconfig; name = "Pods-Spaceopedia.debug.xcconfig"; path = "Target Support Files/Pods-Spaceopedia/Pods-Spaceopedia.debug.xcconfig"; sourceTree = "<group>"; };
/* End PBXFileReference section */

/* Begin PBXFrameworksBuildPhase section */
		C7A0843529D4BC01002DB362 /* Frameworks */ = {
			isa = PBXFrameworksBuildPhase;
			buildActionMask = 2147483647;
			files = (
				5DB10F8F4AD7AAE348F56B14 /* Pods_Spaceopedia.framework in Frameworks */,
			);
			runOnlyForDeploymentPostprocessing = 0;
		};
/* End PBXFrameworksBuildPhase section */

/* Begin PBXGroup section */
		548D7BC101A2A495F6928F9C /* Frameworks */ = {
			isa = PBXGroup;
			children = (
				EB10CFF81166B7DB13673373 /* Pods_Spaceopedia.framework */,
			);
			name = Frameworks;
			sourceTree = "<group>";
		};
		8FE8CF2CBEFA7A0BE7EBD03C /* Pods */ = {
			isa = PBXGroup;
			children = (
				F32917BD7B4BCD8FC8E07576 /* Pods-Spaceopedia.debug.xcconfig */,
				16879BD2A17F629AB7A22D23 /* Pods-Spaceopedia.release.xcconfig */,
			);
			path = Pods;
			sourceTree = "<group>";
		};
		C71B9E8129DEC00C00B4F2AE /* APOD */ = {
			isa = PBXGroup;
			children = (
				C71B9E8229DEC07800B4F2AE /* ApodModel.swift */,
				C71B9E8429DEC29F00B4F2AE /* ApodController.swift */,
				C7690C9129E17366009B50EC /* Apod */,
				C7690C9029E1734C009B50EC /* Liked */,
			);
			path = APOD;
			sourceTree = "<group>";
		};
		C73C311E2A0C233000CD9CA1 /* Components */ = {
			isa = PBXGroup;
			children = (
				C73C311A2A0C0A9F00CD9CA1 /* DiscloseButton.swift */,
			);
			path = Components;
			sourceTree = "<group>";
		};
		C7690C9029E1734C009B50EC /* Liked */ = {
			isa = PBXGroup;
			children = (
				C719CE3329F15C7600BF7363 /* LikedApodModel.swift */,
				C7690C9229E173B1009B50EC /* LikedTableViewCell.swift */,
				C7690C9429E173D4009B50EC /* LikedTableViewController.swift */,
				C72AFE6E29E9CDC70041A379 /* LikedApodTableViewController.swift */,
			);
			path = Liked;
			sourceTree = "<group>";
		};
		C7690C9129E17366009B50EC /* Apod */ = {
			isa = PBXGroup;
			children = (
				C7690C8E29E16D83009B50EC /* LikeButton.swift */,
				C71B9E8629DECB6900B4F2AE /* ApodTableViewController.swift */,
			);
			path = Apod;
			sourceTree = "<group>";
		};
		C791B5382A14BBB600A5A1E6 /* Planets & Moons */ = {
			isa = PBXGroup;
			children = (
				C7D3BCF12A18AA340031AC87 /* PlanetMoonAPI.swift */,
				C791B5392A14BBF200A5A1E6 /* PlanetMoon.swift */,
				C791B53D2A15519A00A5A1E6 /* PlanetMoonController.swift */,
				C791B53F2A15530E00A5A1E6 /* PlanetsAndMoonsTableViewController.swift */,
				C791B5412A1742A700A5A1E6 /* Moons */,
			);
			path = "Planets & Moons";
			sourceTree = "<group>";
		};
		C791B5412A1742A700A5A1E6 /* Moons */ = {
			isa = PBXGroup;
			children = (
				C791B5422A1742C000A5A1E6 /* MoonsTableViewController.swift */,
			);
			path = Moons;
			sourceTree = "<group>";
		};
		C7A0842F29D4BC01002DB362 = {
			isa = PBXGroup;
			children = (
				C7A0843A29D4BC01002DB362 /* Spaceopedia */,
				C7A0843929D4BC01002DB362 /* Products */,
				8FE8CF2CBEFA7A0BE7EBD03C /* Pods */,
				548D7BC101A2A495F6928F9C /* Frameworks */,
			);
			sourceTree = "<group>";
		};
		C7A0843929D4BC01002DB362 /* Products */ = {
			isa = PBXGroup;
			children = (
				C7A0843829D4BC01002DB362 /* Spaceopedia.app */,
			);
			name = Products;
			sourceTree = "<group>";
		};
		C7A0843A29D4BC01002DB362 /* Spaceopedia */ = {
			isa = PBXGroup;
			children = (
				C7A0843B29D4BC01002DB362 /* AppDelegate.swift */,
				C7A0843D29D4BC01002DB362 /* SceneDelegate.swift */,
				C793A4C929D54C500071B566 /* Modules.swift */,
				C7C8783729D58B22009495F5 /* ModuleTableViewCell.swift */,
				C793A4CB29D551D40071B566 /* ModulesTableViewController.swift */,
				C73C311E2A0C233000CD9CA1 /* Components */,
				C7CB22E72A0A9B0F00E5B046 /* Image View Controller */,
				C71B9E8129DEC00C00B4F2AE /* APOD */,
				C7CB22C22A095DCB00E5B046 /* Space Def */,
				C791B5382A14BBB600A5A1E6 /* Planets & Moons */,
				C7AAC6BA2A288A8A00FB00B6 /* Space Pic */,
				C7A0844129D4BC01002DB362 /* Main.storyboard */,
				C7A0844429D4BC02002DB362 /* Assets.xcassets */,
				C7A0844629D4BC02002DB362 /* LaunchScreen.storyboard */,
				C7A0844929D4BC02002DB362 /* Info.plist */,
			);
			path = Spaceopedia;
			sourceTree = "<group>";
		};
		C7AAC6BA2A288A8A00FB00B6 /* Space Pic */ = {
			isa = PBXGroup;
			children = (
				C7AAC6BF2A2892BE00FB00B6 /* SpacePicAPI.swift */,
				C7AAC6BB2A288ADB00FB00B6 /* Pics.swift */,
				C7AAC6BD2A2891CD00FB00B6 /* PicsController.swift */,
				C7AAC6C12A28FF6C00FB00B6 /* SpacePicTableViewController.swift */,
				C7AAC6C52A29019600FB00B6 /* SpacePicTableViewCell.swift */,
				C738F0D82A29167D00D75A13 /* SpacePicTextFieldTableViewCell.swift */,
				C738F0DA2A29176E00D75A13 /* SpacePicLookUpTableViewCell.swift */,
			);
			path = "Space Pic";
			sourceTree = "<group>";
		};
		C7CB22C22A095DCB00E5B046 /* Space Def */ = {
			isa = PBXGroup;
			children = (
				C73C31162A0BFFA100CD9CA1 /* Definition.swift */,
				C73C31182A0C006500CD9CA1 /* DefinitionController.swift */,
				C7CB22C32A095E0100E5B046 /* SpaceDefTableViewController.swift */,
			);
			path = "Space Def";
			sourceTree = "<group>";
		};
		C7CB22E72A0A9B0F00E5B046 /* Image View Controller */ = {
			isa = PBXGroup;
			children = (
				C7CB22E52A0A962500E5B046 /* SourceToImageView.swift */,
				C7EE846E2A0805D6005E2818 /* ImageViewController.swift */,
			);
			path = "Image View Controller";
			sourceTree = "<group>";
		};
/* End PBXGroup section */

/* Begin PBXNativeTarget section */
		C7A0843729D4BC01002DB362 /* Spaceopedia */ = {
			isa = PBXNativeTarget;
			buildConfigurationList = C7A0844C29D4BC02002DB362 /* Build configuration list for PBXNativeTarget "Spaceopedia" */;
			buildPhases = (
				8C37F21C5D6C77C0E8401EB8 /* [CP] Check Pods Manifest.lock */,
				C7A0843429D4BC01002DB362 /* Sources */,
				C7A0843529D4BC01002DB362 /* Frameworks */,
				C7A0843629D4BC01002DB362 /* Resources */,
				FD1F2761672B0750F2CFB11A /* [CP] Embed Pods Frameworks */,
			);
			buildRules = (
			);
			dependencies = (
			);
			name = Spaceopedia;
			productName = Spaceopedia;
			productReference = C7A0843829D4BC01002DB362 /* Spaceopedia.app */;
			productType = "com.apple.product-type.application";
		};
/* End PBXNativeTarget section */

/* Begin PBXProject section */
		C7A0843029D4BC01002DB362 /* Project object */ = {
			isa = PBXProject;
			attributes = {
				BuildIndependentTargetsInParallel = 1;
				LastSwiftUpdateCheck = 1420;
				LastUpgradeCheck = 1420;
				TargetAttributes = {
					C7A0843729D4BC01002DB362 = {
						CreatedOnToolsVersion = 14.2;
					};
				};
			};
			buildConfigurationList = C7A0843329D4BC01002DB362 /* Build configuration list for PBXProject "Spaceopedia" */;
			compatibilityVersion = "Xcode 13.0";
			developmentRegion = en;
			hasScannedForEncodings = 0;
			knownRegions = (
				en,
				Base,
			);
			mainGroup = C7A0842F29D4BC01002DB362;
			productRefGroup = C7A0843929D4BC01002DB362 /* Products */;
			projectDirPath = "";
			projectRoot = "";
			targets = (
				C7A0843729D4BC01002DB362 /* Spaceopedia */,
			);
		};
/* End PBXProject section */

/* Begin PBXResourcesBuildPhase section */
		C7A0843629D4BC01002DB362 /* Resources */ = {
			isa = PBXResourcesBuildPhase;
			buildActionMask = 2147483647;
			files = (
				C7A0844829D4BC02002DB362 /* LaunchScreen.storyboard in Resources */,
				C7A0844529D4BC02002DB362 /* Assets.xcassets in Resources */,
				C7A0844329D4BC01002DB362 /* Main.storyboard in Resources */,
			);
			runOnlyForDeploymentPostprocessing = 0;
		};
/* End PBXResourcesBuildPhase section */

/* Begin PBXShellScriptBuildPhase section */
		8C37F21C5D6C77C0E8401EB8 /* [CP] Check Pods Manifest.lock */ = {
			isa = PBXShellScriptBuildPhase;
			buildActionMask = 2147483647;
			files = (
			);
			inputFileListPaths = (
			);
			inputPaths = (
				"${PODS_PODFILE_DIR_PATH}/Podfile.lock",
				"${PODS_ROOT}/Manifest.lock",
			);
			name = "[CP] Check Pods Manifest.lock";
			outputFileListPaths = (
			);
			outputPaths = (
				"$(DERIVED_FILE_DIR)/Pods-Spaceopedia-checkManifestLockResult.txt",
			);
			runOnlyForDeploymentPostprocessing = 0;
			shellPath = /bin/sh;
			shellScript = "diff \"${PODS_PODFILE_DIR_PATH}/Podfile.lock\" \"${PODS_ROOT}/Manifest.lock\" > /dev/null\nif [ $? != 0 ] ; then\n    # print error to STDERR\n    echo \"error: The sandbox is not in sync with the Podfile.lock. Run 'pod install' or update your CocoaPods installation.\" >&2\n    exit 1\nfi\n# This output is used by Xcode 'outputs' to avoid re-running this script phase.\necho \"SUCCESS\" > \"${SCRIPT_OUTPUT_FILE_0}\"\n";
			showEnvVarsInLog = 0;
		};
		FD1F2761672B0750F2CFB11A /* [CP] Embed Pods Frameworks */ = {
			isa = PBXShellScriptBuildPhase;
			buildActionMask = 2147483647;
			files = (
			);
			inputFileListPaths = (
				"${PODS_ROOT}/Target Support Files/Pods-Spaceopedia/Pods-Spaceopedia-frameworks-${CONFIGURATION}-input-files.xcfilelist",
			);
			name = "[CP] Embed Pods Frameworks";
			outputFileListPaths = (
				"${PODS_ROOT}/Target Support Files/Pods-Spaceopedia/Pods-Spaceopedia-frameworks-${CONFIGURATION}-output-files.xcfilelist",
			);
			runOnlyForDeploymentPostprocessing = 0;
			shellPath = /bin/sh;
			shellScript = "\"${PODS_ROOT}/Target Support Files/Pods-Spaceopedia/Pods-Spaceopedia-frameworks.sh\"\n";
			showEnvVarsInLog = 0;
		};
/* End PBXShellScriptBuildPhase section */

/* Begin PBXSourcesBuildPhase section */
		C7A0843429D4BC01002DB362 /* Sources */ = {
			isa = PBXSourcesBuildPhase;
			buildActionMask = 2147483647;
			files = (
				C73C31192A0C006500CD9CA1 /* DefinitionController.swift in Sources */,
				C793A4CA29D54C500071B566 /* Modules.swift in Sources */,
				C738F0DB2A29176E00D75A13 /* SpacePicLookUpTableViewCell.swift in Sources */,
				C791B53A2A14BBF200A5A1E6 /* PlanetMoon.swift in Sources */,
				C738F0D92A29167D00D75A13 /* SpacePicTextFieldTableViewCell.swift in Sources */,
				C7CB22C42A095E0100E5B046 /* SpaceDefTableViewController.swift in Sources */,
				C7AAC6C02A2892BE00FB00B6 /* SpacePicAPI.swift in Sources */,
				C7690C9329E173B1009B50EC /* LikedTableViewCell.swift in Sources */,
				C791B5432A1742C000A5A1E6 /* MoonsTableViewController.swift in Sources */,
				C7690C8F29E16D83009B50EC /* LikeButton.swift in Sources */,
				C791B53E2A15519A00A5A1E6 /* PlanetMoonController.swift in Sources */,
				C7AAC6C62A29019600FB00B6 /* SpacePicTableViewCell.swift in Sources */,
				C7CB22E62A0A962500E5B046 /* SourceToImageView.swift in Sources */,
				C7A0843C29D4BC01002DB362 /* AppDelegate.swift in Sources */,
				C7AAC6BE2A2891CD00FB00B6 /* PicsController.swift in Sources */,
				C7C8783829D58B22009495F5 /* ModuleTableViewCell.swift in Sources */,
				C7AAC6C22A28FF6C00FB00B6 /* SpacePicTableViewController.swift in Sources */,
				C73C311B2A0C0A9F00CD9CA1 /* DiscloseButton.swift in Sources */,
				C72AFE6F29E9CDC70041A379 /* LikedApodTableViewController.swift in Sources */,
				C7D3BCF22A18AA340031AC87 /* PlanetMoonAPI.swift in Sources */,
				C71B9E8729DECB6900B4F2AE /* ApodTableViewController.swift in Sources */,
				C719CE3429F15C7600BF7363 /* LikedApodModel.swift in Sources */,
				C71B9E8529DEC29F00B4F2AE /* ApodController.swift in Sources */,
				C71B9E8329DEC07800B4F2AE /* ApodModel.swift in Sources */,
				C7AAC6BC2A288ADB00FB00B6 /* Pics.swift in Sources */,
				C7EE846F2A0805D6005E2818 /* ImageViewController.swift in Sources */,
				C73C31172A0BFFA100CD9CA1 /* Definition.swift in Sources */,
				C791B5402A15530E00A5A1E6 /* PlanetsAndMoonsTableViewController.swift in Sources */,
				C7690C9529E173D4009B50EC /* LikedTableViewController.swift in Sources */,
				C793A4CC29D551D40071B566 /* ModulesTableViewController.swift in Sources */,
				C7A0843E29D4BC01002DB362 /* SceneDelegate.swift in Sources */,
			);
			runOnlyForDeploymentPostprocessing = 0;
		};
/* End PBXSourcesBuildPhase section */

/* Begin PBXVariantGroup section */
		C7A0844129D4BC01002DB362 /* Main.storyboard */ = {
			isa = PBXVariantGroup;
			children = (
				C7A0844229D4BC01002DB362 /* Base */,
			);
			name = Main.storyboard;
			sourceTree = "<group>";
		};
		C7A0844629D4BC02002DB362 /* LaunchScreen.storyboard */ = {
			isa = PBXVariantGroup;
			children = (
				C7A0844729D4BC02002DB362 /* Base */,
			);
			name = LaunchScreen.storyboard;
			sourceTree = "<group>";
		};
/* End PBXVariantGroup section */

/* Begin XCBuildConfiguration section */
		C7A0844A29D4BC02002DB362 /* Debug */ = {
			isa = XCBuildConfiguration;
			buildSettings = {
				ALWAYS_SEARCH_USER_PATHS = NO;
				CLANG_ANALYZER_NONNULL = YES;
				CLANG_ANALYZER_NUMBER_OBJECT_CONVERSION = YES_AGGRESSIVE;
				CLANG_CXX_LANGUAGE_STANDARD = "gnu++20";
				CLANG_ENABLE_MODULES = YES;
				CLANG_ENABLE_OBJC_ARC = YES;
				CLANG_ENABLE_OBJC_WEAK = YES;
				CLANG_WARN_BLOCK_CAPTURE_AUTORELEASING = YES;
				CLANG_WARN_BOOL_CONVERSION = YES;
				CLANG_WARN_COMMA = YES;
				CLANG_WARN_CONSTANT_CONVERSION = YES;
				CLANG_WARN_DEPRECATED_OBJC_IMPLEMENTATIONS = YES;
				CLANG_WARN_DIRECT_OBJC_ISA_USAGE = YES_ERROR;
				CLANG_WARN_DOCUMENTATION_COMMENTS = YES;
				CLANG_WARN_EMPTY_BODY = YES;
				CLANG_WARN_ENUM_CONVERSION = YES;
				CLANG_WARN_INFINITE_RECURSION = YES;
				CLANG_WARN_INT_CONVERSION = YES;
				CLANG_WARN_NON_LITERAL_NULL_CONVERSION = YES;
				CLANG_WARN_OBJC_IMPLICIT_RETAIN_SELF = YES;
				CLANG_WARN_OBJC_LITERAL_CONVERSION = YES;
				CLANG_WARN_OBJC_ROOT_CLASS = YES_ERROR;
				CLANG_WARN_QUOTED_INCLUDE_IN_FRAMEWORK_HEADER = YES;
				CLANG_WARN_RANGE_LOOP_ANALYSIS = YES;
				CLANG_WARN_STRICT_PROTOTYPES = YES;
				CLANG_WARN_SUSPICIOUS_MOVE = YES;
				CLANG_WARN_UNGUARDED_AVAILABILITY = YES_AGGRESSIVE;
				CLANG_WARN_UNREACHABLE_CODE = YES;
				CLANG_WARN__DUPLICATE_METHOD_MATCH = YES;
				COPY_PHASE_STRIP = NO;
				DEBUG_INFORMATION_FORMAT = dwarf;
				ENABLE_STRICT_OBJC_MSGSEND = YES;
				ENABLE_TESTABILITY = YES;
				GCC_C_LANGUAGE_STANDARD = gnu11;
				GCC_DYNAMIC_NO_PIC = NO;
				GCC_NO_COMMON_BLOCKS = YES;
				GCC_OPTIMIZATION_LEVEL = 0;
				GCC_PREPROCESSOR_DEFINITIONS = (
					"DEBUG=1",
					"$(inherited)",
				);
				GCC_WARN_64_TO_32_BIT_CONVERSION = YES;
				GCC_WARN_ABOUT_RETURN_TYPE = YES_ERROR;
				GCC_WARN_UNDECLARED_SELECTOR = YES;
				GCC_WARN_UNINITIALIZED_AUTOS = YES_AGGRESSIVE;
				GCC_WARN_UNUSED_FUNCTION = YES;
				GCC_WARN_UNUSED_VARIABLE = YES;
				IPHONEOS_DEPLOYMENT_TARGET = 16.2;
				MTL_ENABLE_DEBUG_INFO = INCLUDE_SOURCE;
				MTL_FAST_MATH = YES;
				ONLY_ACTIVE_ARCH = YES;
				SDKROOT = iphoneos;
				SWIFT_ACTIVE_COMPILATION_CONDITIONS = DEBUG;
				SWIFT_OPTIMIZATION_LEVEL = "-Onone";
			};
			name = Debug;
		};
		C7A0844B29D4BC02002DB362 /* Release */ = {
			isa = XCBuildConfiguration;
			buildSettings = {
				ALWAYS_SEARCH_USER_PATHS = NO;
				CLANG_ANALYZER_NONNULL = YES;
				CLANG_ANALYZER_NUMBER_OBJECT_CONVERSION = YES_AGGRESSIVE;
				CLANG_CXX_LANGUAGE_STANDARD = "gnu++20";
				CLANG_ENABLE_MODULES = YES;
				CLANG_ENABLE_OBJC_ARC = YES;
				CLANG_ENABLE_OBJC_WEAK = YES;
				CLANG_WARN_BLOCK_CAPTURE_AUTORELEASING = YES;
				CLANG_WARN_BOOL_CONVERSION = YES;
				CLANG_WARN_COMMA = YES;
				CLANG_WARN_CONSTANT_CONVERSION = YES;
				CLANG_WARN_DEPRECATED_OBJC_IMPLEMENTATIONS = YES;
				CLANG_WARN_DIRECT_OBJC_ISA_USAGE = YES_ERROR;
				CLANG_WARN_DOCUMENTATION_COMMENTS = YES;
				CLANG_WARN_EMPTY_BODY = YES;
				CLANG_WARN_ENUM_CONVERSION = YES;
				CLANG_WARN_INFINITE_RECURSION = YES;
				CLANG_WARN_INT_CONVERSION = YES;
				CLANG_WARN_NON_LITERAL_NULL_CONVERSION = YES;
				CLANG_WARN_OBJC_IMPLICIT_RETAIN_SELF = YES;
				CLANG_WARN_OBJC_LITERAL_CONVERSION = YES;
				CLANG_WARN_OBJC_ROOT_CLASS = YES_ERROR;
				CLANG_WARN_QUOTED_INCLUDE_IN_FRAMEWORK_HEADER = YES;
				CLANG_WARN_RANGE_LOOP_ANALYSIS = YES;
				CLANG_WARN_STRICT_PROTOTYPES = YES;
				CLANG_WARN_SUSPICIOUS_MOVE = YES;
				CLANG_WARN_UNGUARDED_AVAILABILITY = YES_AGGRESSIVE;
				CLANG_WARN_UNREACHABLE_CODE = YES;
				CLANG_WARN__DUPLICATE_METHOD_MATCH = YES;
				COPY_PHASE_STRIP = NO;
				DEBUG_INFORMATION_FORMAT = "dwarf-with-dsym";
				ENABLE_NS_ASSERTIONS = NO;
				ENABLE_STRICT_OBJC_MSGSEND = YES;
				GCC_C_LANGUAGE_STANDARD = gnu11;
				GCC_NO_COMMON_BLOCKS = YES;
				GCC_WARN_64_TO_32_BIT_CONVERSION = YES;
				GCC_WARN_ABOUT_RETURN_TYPE = YES_ERROR;
				GCC_WARN_UNDECLARED_SELECTOR = YES;
				GCC_WARN_UNINITIALIZED_AUTOS = YES_AGGRESSIVE;
				GCC_WARN_UNUSED_FUNCTION = YES;
				GCC_WARN_UNUSED_VARIABLE = YES;
				IPHONEOS_DEPLOYMENT_TARGET = 16.2;
				MTL_ENABLE_DEBUG_INFO = NO;
				MTL_FAST_MATH = YES;
				SDKROOT = iphoneos;
				SWIFT_COMPILATION_MODE = wholemodule;
				SWIFT_OPTIMIZATION_LEVEL = "-O";
				VALIDATE_PRODUCT = YES;
			};
			name = Release;
		};
		C7A0844D29D4BC02002DB362 /* Debug */ = {
			isa = XCBuildConfiguration;
			baseConfigurationReference = F32917BD7B4BCD8FC8E07576 /* Pods-Spaceopedia.debug.xcconfig */;
			buildSettings = {
				ASSETCATALOG_COMPILER_APPICON_NAME = AppIcon;
				ASSETCATALOG_COMPILER_GLOBAL_ACCENT_COLOR_NAME = AccentColor;
				CODE_SIGN_STYLE = Automatic;
				CURRENT_PROJECT_VERSION = 1;
				DEVELOPMENT_TEAM = 255PJ663UF;
				GENERATE_INFOPLIST_FILE = YES;
				INFOPLIST_FILE = Spaceopedia/Info.plist;
				INFOPLIST_KEY_UIApplicationSupportsIndirectInputEvents = YES;
				INFOPLIST_KEY_UILaunchStoryboardName = LaunchScreen;
				INFOPLIST_KEY_UIMainStoryboardFile = Main;
				INFOPLIST_KEY_UIStatusBarStyle = "";
				INFOPLIST_KEY_UISupportedInterfaceOrientations_iPad = "UIInterfaceOrientationPortrait UIInterfaceOrientationPortraitUpsideDown UIInterfaceOrientationLandscapeLeft UIInterfaceOrientationLandscapeRight";
				INFOPLIST_KEY_UISupportedInterfaceOrientations_iPhone = "UIInterfaceOrientationPortrait UIInterfaceOrientationLandscapeLeft UIInterfaceOrientationLandscapeRight";
				IPHONEOS_DEPLOYMENT_TARGET = 15.6;
				LD_RUNPATH_SEARCH_PATHS = (
					"$(inherited)",
					"@executable_path/Frameworks",
				);
				MARKETING_VERSION = 1.0;
				PRODUCT_BUNDLE_IDENTIFIER = sanjeevrm.Spaceopedia;
				PRODUCT_NAME = "$(TARGET_NAME)";
				SWIFT_EMIT_LOC_STRINGS = YES;
				SWIFT_VERSION = 5.0;
				TARGETED_DEVICE_FAMILY = "1,2";
			};
			name = Debug;
		};
		C7A0844E29D4BC02002DB362 /* Release */ = {
			isa = XCBuildConfiguration;
			baseConfigurationReference = 16879BD2A17F629AB7A22D23 /* Pods-Spaceopedia.release.xcconfig */;
			buildSettings = {
				ASSETCATALOG_COMPILER_APPICON_NAME = AppIcon;
				ASSETCATALOG_COMPILER_GLOBAL_ACCENT_COLOR_NAME = AccentColor;
				CODE_SIGN_STYLE = Automatic;
				CURRENT_PROJECT_VERSION = 1;
				DEVELOPMENT_TEAM = 255PJ663UF;
				GENERATE_INFOPLIST_FILE = YES;
				INFOPLIST_FILE = Spaceopedia/Info.plist;
				INFOPLIST_KEY_UIApplicationSupportsIndirectInputEvents = YES;
				INFOPLIST_KEY_UILaunchStoryboardName = LaunchScreen;
				INFOPLIST_KEY_UIMainStoryboardFile = Main;
				INFOPLIST_KEY_UIStatusBarStyle = "";
				INFOPLIST_KEY_UISupportedInterfaceOrientations_iPad = "UIInterfaceOrientationPortrait UIInterfaceOrientationPortraitUpsideDown UIInterfaceOrientationLandscapeLeft UIInterfaceOrientationLandscapeRight";
				INFOPLIST_KEY_UISupportedInterfaceOrientations_iPhone = "UIInterfaceOrientationPortrait UIInterfaceOrientationLandscapeLeft UIInterfaceOrientationLandscapeRight";
				IPHONEOS_DEPLOYMENT_TARGET = 15.6;
				LD_RUNPATH_SEARCH_PATHS = (
					"$(inherited)",
					"@executable_path/Frameworks",
				);
				MARKETING_VERSION = 1.0;
				PRODUCT_BUNDLE_IDENTIFIER = sanjeevrm.Spaceopedia;
				PRODUCT_NAME = "$(TARGET_NAME)";
				SWIFT_EMIT_LOC_STRINGS = YES;
				SWIFT_VERSION = 5.0;
				TARGETED_DEVICE_FAMILY = "1,2";
			};
			name = Release;
		};
/* End XCBuildConfiguration section */

/* Begin XCConfigurationList section */
		C7A0843329D4BC01002DB362 /* Build configuration list for PBXProject "Spaceopedia" */ = {
			isa = XCConfigurationList;
			buildConfigurations = (
				C7A0844A29D4BC02002DB362 /* Debug */,
				C7A0844B29D4BC02002DB362 /* Release */,
			);
			defaultConfigurationIsVisible = 0;
			defaultConfigurationName = Release;
		};
		C7A0844C29D4BC02002DB362 /* Build configuration list for PBXNativeTarget "Spaceopedia" */ = {
			isa = XCConfigurationList;
			buildConfigurations = (
				C7A0844D29D4BC02002DB362 /* Debug */,
				C7A0844E29D4BC02002DB362 /* Release */,
			);
			defaultConfigurationIsVisible = 0;
			defaultConfigurationName = Release;
		};
/* End XCConfigurationList section */
	};
	rootObject = C7A0843029D4BC01002DB362 /* Project object */;
}
